{
  "name": "codex-monitor",
  "version": "0.1.0",
  "lockfileVersion": 3,
  "requires": true,
  "packages": {
    "": {
      "name": "codex-monitor",
      "version": "0.1.0",
      "dependencies": {
        "@openai/codex-sdk": "0.99.0-alpha.6",
        "vibe-kanban": "0.1.6"
      },
      "engines": {
        "node": ">=18"
      }
    },
    "node_modules/@openai/codex-sdk": {
      "version": "0.99.0-alpha.6",
      "resolved": "https://registry.npmjs.org/@openai/codex-sdk/-/codex-sdk-0.99.0-alpha.6.tgz",
      "integrity": "sha512-IU2knESZaHBJtFOEWIqrKVQrBQmYNkbuSYQEu38ixyoMcqzlSt0PT2W4H7cuALRrsc5ZARqpKyKbTauRaL4eAA==",
      "license": "Apache-2.0",
      "engines": {
        "node": ">=18"
      }
    },
    "node_modules/adm-zip": {
      "version": "0.5.16",
      "resolved": "https://registry.npmjs.org/adm-zip/-/adm-zip-0.5.16.tgz",
      "integrity": "sha512-TGw5yVi4saajsSEgz25grObGHEUaDrniwvA2qwSC060KfqGPdglhvPMA2lPIoxs3PQIItj2iag35fONcQqgUaQ==",
      "license": "MIT",
      "engines": {
        "node": ">=12.0"
      }
    },
    "node_modules/vibe-kanban": {
      "version": "0.1.6",
      "resolved": "https://registry.npmjs.org/vibe-kanban/-/vibe-kanban-0.1.6.tgz",
      "integrity": "sha512-Zr6ta+EVBM8ReSaVJU/mmGaebhdhMtXrqWwmrMjyRc3Xp9GtVc6dTU0n1ZUavmtezxP9EZpLCpooQeIjTWnEDQ==",
      "dependencies": {
        "adm-zip": "^0.5.16"
      },
      "bin": {
        "vibe-kanban": "bin/cli.js"
      }
    }
  }
}
